// !$*UTF8*$!
{
	archiveVersion = 1;
	classes = {
	};
	objectVersion = 56;
	objects = {

/* Begin PBXBuildFile section */
		DEE31FF22C94DEBB002CF364 /* MyFirstiOSAppApp.swift in Sources */ = {isa = PBXBuildFile; fileRef = DEE31FF12C94DEBB002CF364 /* MyFirstiOSAppApp.swift */; };
		DEE31FF42C94DEBB002CF364 /* ContentView.swift in Sources */ = {isa = PBXBuildFile; fileRef = DEE31FF32C94DEBB002CF364 /* ContentView.swift */; };
		DEE31FF62C94DEBD002CF364 /* Assets.xcassets in Resources */ = {isa = PBXBuildFile; fileRef = DEE31FF52C94DEBD002CF364 /* Assets.xcassets */; };
		DEE31FFA2C94DEBD002CF364 /* Preview Assets.xcassets in Resources */ = {isa = PBXBuildFile; fileRef = DEE31FF92C94DEBD002CF364 /* Preview Assets.xcassets */; };
		DEE320042C94DEBD002CF364 /* MyFirstiOSAppTests.swift in Sources */ = {isa = PBXBuildFile; fileRef = DEE320032C94DEBD002CF364 /* MyFirstiOSAppTests.swift */; };
		DEE3200E2C94DEBD002CF364 /* MyFirstiOSAppUITests.swift in Sources */ = {isa = PBXBuildFile; fileRef = DEE3200D2C94DEBD002CF364 /* MyFirstiOSAppUITests.swift */; };
		DEE320102C94DEBD002CF364 /* MyFirstiOSAppUITestsLaunchTests.swift in Sources */ = {isa = PBXBuildFile; fileRef = DEE3200F2C94DEBD002CF364 /* MyFirstiOSAppUITestsLaunchTests.swift */; };
/* End PBXBuildFile section */

/* Begin PBXContainerItemProxy section */
		DEE320002C94DEBD002CF364 /* PBXContainerItemProxy */ = {
			isa = PBXContainerItemProxy;
			containerPortal = DEE31FE62C94DEBB002CF364 /* Project object */;
			proxyType = 1;
			remoteGlobalIDString = DEE31FED2C94DEBB002CF364;
			remoteInfo = MyFirstiOSApp;
		};
		DEE3200A2C94DEBD002CF364 /* PBXContainerItemProxy */ = {
			isa = PBXContainerItemProxy;
			containerPortal = DEE31FE62C94DEBB002CF364 /* Project object */;
			proxyType = 1;
			remoteGlobalIDString = DEE31FED2C94DEBB002CF364;
			remoteInfo = MyFirstiOSApp;
		};
/* End PBXContainerItemProxy section */

/* Begin PBXFileReference section */
		DEE31FEE2C94DEBB002CF364 /* MyFirstiOSApp.app */ = {isa = PBXFileReference; explicitFileType = wrapper.application; includeInIndex = 0; path = MyFirstiOSApp.app; sourceTree = BUILT_PRODUCTS_DIR; };
		DEE31FF12C94DEBB002CF364 /* MyFirstiOSAppApp.swift */ = {isa = PBXFileReference; lastKnownFileType = sourcecode.swift; path = MyFirstiOSAppApp.swift; sourceTree = "<group>"; };
		DEE31FF32C94DEBB002CF364 /* ContentView.swift */ = {isa = PBXFileReference; lastKnownFileType = sourcecode.swift; path = ContentView.swift; sourceTree = "<group>"; };
		DEE31FF52C94DEBD002CF364 /* Assets.xcassets */ = {isa = PBXFileReference; lastKnownFileType = folder.assetcatalog; path = Assets.xcassets; sourceTree = "<group>"; };
		DEE31FF72C94DEBD002CF364 /* MyFirstiOSApp.entitlements */ = {isa = PBXFileReference; lastKnownFileType = text.plist.entitlements; path = MyFirstiOSApp.entitlements; sourceTree = "<group>"; };
		DEE31FF92C94DEBD002CF364 /* Preview Assets.xcassets */ = {isa = PBXFileReference; lastKnownFileType = folder.assetcatalog; path = "Preview Assets.xcassets"; sourceTree = "<group>"; };
		DEE31FFF2C94DEBD002CF364 /* MyFirstiOSAppTests.xctest */ = {isa = PBXFileReference; explicitFileType = wrapper.cfbundle; includeInIndex = 0; path = MyFirstiOSAppTests.xctest; sourceTree = BUILT_PRODUCTS_DIR; };
		DEE320032C94DEBD002CF364 /* MyFirstiOSAppTests.swift */ = {isa = PBXFileReference; lastKnownFileType = sourcecode.swift; path = MyFirstiOSAppTests.swift; sourceTree = "<group>"; };
		DEE320092C94DEBD002CF364 /* MyFirstiOSAppUITests.xctest */ = {isa = PBXFileReference; explicitFileType = wrapper.cfbundle; includeInIndex = 0; path = MyFirstiOSAppUITests.xctest; sourceTree = BUILT_PRODUCTS_DIR; };
		DEE3200D2C94DEBD002CF364 /* MyFirstiOSAppUITests.swift */ = {isa = PBXFileReference; lastKnownFileType = sourcecode.swift; path = MyFirstiOSAppUITests.swift; sourceTree = "<group>"; };
		DEE3200F2C94DEBD002CF364 /* MyFirstiOSAppUITestsLaunchTests.swift */ = {isa = PBXFileReference; lastKnownFileType = sourcecode.swift; path = MyFirstiOSAppUITestsLaunchTests.swift; sourceTree = "<group>"; };
/* End PBXFileReference section */

/* Begin PBXFrameworksBuildPhase section */
		DEE31FEB2C94DEBB002CF364 /* Frameworks */ = {
			isa = PBXFrameworksBuildPhase;
			buildActionMask = 2147483647;
			files = (
			);
			runOnlyForDeploymentPostprocessing = 0;
		};
		DEE31FFC2C94DEBD002CF364 /* Frameworks */ = {
			isa = PBXFrameworksBuildPhase;
			buildActionMask = 2147483647;
			files = (
			);
			runOnlyForDeploymentPostprocessing = 0;
		};
		DEE320062C94DEBD002CF364 /* Frameworks */ = {
			isa = PBXFrameworksBuildPhase;
			buildActionMask = 2147483647;
			files = (
			);
			runOnlyForDeploymentPostprocessing = 0;
		};
/* End PBXFrameworksBuildPhase section */

/* Begin PBXGroup section */
		DEE31FE52C94DEBB002CF364 = {
			isa = PBXGroup;
			children = (
				DEE31FF02C94DEBB002CF364 /* MyFirstiOSApp */,
				DEE320022C94DEBD002CF364 /* MyFirstiOSAppTests */,
				DEE3200C2C94DEBD002CF364 /* MyFirstiOSAppUITests */,
				DEE31FEF2C94DEBB002CF364 /* Products */,
			);
			sourceTree = "<group>";
		};
		DEE31FEF2C94DEBB002CF364 /* Products */ = {
			isa = PBXGroup;
			children = (
				DEE31FEE2C94DEBB002CF364 /* MyFirstiOSApp.app */,
				DEE31FFF2C94DEBD002CF364 /* MyFirstiOSAppTests.xctest */,
				DEE320092C94DEBD002CF364 /* MyFirstiOSAppUITests.xctest */,
			);
			name = Products;
			sourceTree = "<group>";
		};
		DEE31FF02C94DEBB002CF364 /* MyFirstiOSApp */ = {
			isa = PBXGroup;
			children = (
				DEE31FF12C94DEBB002CF364 /* MyFirstiOSAppApp.swift */,
				DEE31FF32C94DEBB002CF364 /* ContentView.swift */,
				DEE31FF52C94DEBD002CF364 /* Assets.xcassets */,
				DEE31FF72C94DEBD002CF364 /* MyFirstiOSApp.entitlements */,
				DEE31FF82C94DEBD002CF364 /* Preview Content */,
			);
			path = MyFirstiOSApp;
			sourceTree = "<group>";
		};
		DEE31FF82C94DEBD002CF364 /* Preview Content */ = {
			isa = PBXGroup;
			children = (
				DEE31FF92C94DEBD002CF364 /* Preview Assets.xcassets */,
			);
			path = "Preview Content";
			sourceTree = "<group>";
		};
		DEE320022C94DEBD002CF364 /* MyFirstiOSAppTests */ = {
			isa = PBXGroup;
			children = (
				DEE320032C94DEBD002CF364 /* MyFirstiOSAppTests.swift */,
			);
			path = MyFirstiOSAppTests;
			sourceTree = "<group>";
		};
		DEE3200C2C94DEBD002CF364 /* MyFirstiOSAppUITests */ = {
			isa = PBXGroup;
			children = (
				DEE3200D2C94DEBD002CF364 /* MyFirstiOSAppUITests.swift */,
				DEE3200F2C94DEBD002CF364 /* MyFirstiOSAppUITestsLaunchTests.swift */,
			);
			path = MyFirstiOSAppUITests;
			sourceTree = "<group>";
		};
/* End PBXGroup section */

/* Begin PBXNativeTarget section */
		DEE31FED2C94DEBB002CF364 /* MyFirstiOSApp */ = {
			isa = PBXNativeTarget;
			buildConfigurationList = DEE320132C94DEBD002CF364 /* Build configuration list for PBXNativeTarget "MyFirstiOSApp" */;
			buildPhases = (
				DEE31FEA2C94DEBB002CF364 /* Sources */,
				DEE31FEB2C94DEBB002CF364 /* Frameworks */,
				DEE31FEC2C94DEBB002CF364 /* Resources */,
			);
			buildRules = (
			);
			dependencies = (
			);
			name = MyFirstiOSApp;
			productName = MyFirstiOSApp;
			productReference = DEE31FEE2C94DEBB002CF364 /* MyFirstiOSApp.app */;
			productType = "com.apple.product-type.application";
		};
		DEE31FFE2C94DEBD002CF364 /* MyFirstiOSAppTests */ = {
			isa = PBXNativeTarget;
			buildConfigurationList = DEE320162C94DEBD002CF364 /* Build configuration list for PBXNativeTarget "MyFirstiOSAppTests" */;
			buildPhases = (
				DEE31FFB2C94DEBD002CF364 /* Sources */,
				DEE31FFC2C94DEBD002CF364 /* Frameworks */,
				DEE31FFD2C94DEBD002CF364 /* Resources */,
			);
			buildRules = (
			);
			dependencies = (
				DEE320012C94DEBD002CF364 /* PBXTargetDependency */,
			);
			name = MyFirstiOSAppTests;
			productName = MyFirstiOSAppTests;
			productReference = DEE31FFF2C94DEBD002CF364 /* MyFirstiOSAppTests.xctest */;
			productType = "com.apple.product-type.bundle.unit-test";
		};
		DEE320082C94DEBD002CF364 /* MyFirstiOSAppUITests */ = {
			isa = PBXNativeTarget;
			buildConfigurationList = DEE320192C94DEBD002CF364 /* Build configuration list for PBXNativeTarget "MyFirstiOSAppUITests" */;
			buildPhases = (
				DEE320052C94DEBD002CF364 /* Sources */,
				DEE320062C94DEBD002CF364 /* Frameworks */,
				DEE320072C94DEBD002CF364 /* Resources */,
			);
			buildRules = (
			);
			dependencies = (
				DEE3200B2C94DEBD002CF364 /* PBXTargetDependency */,
			);
			name = MyFirstiOSAppUITests;
			productName = MyFirstiOSAppUITests;
			productReference = DEE320092C94DEBD002CF364 /* MyFirstiOSAppUITests.xctest */;
			productType = "com.apple.product-type.bundle.ui-testing";
		};
/* End PBXNativeTarget section */

/* Begin PBXProject section */
		DEE31FE62C94DEBB002CF364 /* Project object */ = {
			isa = PBXProject;
			attributes = {
				BuildIndependentTargetsInParallel = 1;
				LastSwiftUpdateCheck = 1540;
				LastUpgradeCheck = 1540;
				TargetAttributes = {
					DEE31FED2C94DEBB002CF364 = {
						CreatedOnToolsVersion = 15.4;
					};
					DEE31FFE2C94DEBD002CF364 = {
						CreatedOnToolsVersion = 15.4;
						TestTargetID = DEE31FED2C94DEBB002CF364;
					};
					DEE320082C94DEBD002CF364 = {
						CreatedOnToolsVersion = 15.4;
						TestTargetID = DEE31FED2C94DEBB002CF364;
					};
				};
			};
			buildConfigurationList = DEE31FE92C94DEBB002CF364 /* Build configuration list for PBXProject "MyFirstiOSApp" */;
			compatibilityVersion = "Xcode 14.0";
			developmentRegion = en;
			hasScannedForEncodings = 0;
			knownRegions = (
				en,
				Base,
			);
			mainGroup = DEE31FE52C94DEBB002CF364;
			productRefGroup = DEE31FEF2C94DEBB002CF364 /* Products */;
			projectDirPath = "";
			projectRoot = "";
			targets = (
				DEE31FED2C94DEBB002CF364 /* MyFirstiOSApp */,
				DEE31FFE2C94DEBD002CF364 /* MyFirstiOSAppTests */,
				DEE320082C94DEBD002CF364 /* MyFirstiOSAppUITests */,
			);
		};
/* End PBXProject section */

/* Begin PBXResourcesBuildPhase section */
		DEE31FEC2C94DEBB002CF364 /* Resources */ = {
			isa = PBXResourcesBuildPhase;
			buildActionMask = 2147483647;
			files = (
				DEE31FFA2C94DEBD002CF364 /* Preview Assets.xcassets in Resources */,
				DEE31FF62C94DEBD002CF364 /* Assets.xcassets in Resources */,
			);
			runOnlyForDeploymentPostprocessing = 0;
		};
		DEE31FFD2C94DEBD002CF364 /* Resources */ = {
			isa = PBXResourcesBuildPhase;
			buildActionMask = 2147483647;
			files = (
			);
			runOnlyForDeploymentPostprocessing = 0;
		};
		DEE320072C94DEBD002CF364 /* Resources */ = {
			isa = PBXResourcesBuildPhase;
			buildActionMask = 2147483647;
			files = (
			);
			runOnlyForDeploymentPostprocessing = 0;
		};
/* End PBXResourcesBuildPhase section */

/* Begin PBXSourcesBuildPhase section */
		DEE31FEA2C94DEBB002CF364 /* Sources */ = {
			isa = PBXSourcesBuildPhase;
			buildActionMask = 2147483647;
			files = (
				DEE31FF42C94DEBB002CF364 /* ContentView.swift in Sources */,
				DEE31FF22C94DEBB002CF364 /* MyFirstiOSAppApp.swift in Sources */,
			);
			runOnlyForDeploymentPostprocessing = 0;
		};
		DEE31FFB2C94DEBD002CF364 /* Sources */ = {
			isa = PBXSourcesBuildPhase;
			buildActionMask = 2147483647;
			files = (
				DEE320042C94DEBD002CF364 /* MyFirstiOSAppTests.swift in Sources */,
			);
			runOnlyForDeploymentPostprocessing = 0;
		};
		DEE320052C94DEBD002CF364 /* Sources */ = {
			isa = PBXSourcesBuildPhase;
			buildActionMask = 2147483647;
			files = (
				DEE3200E2C94DEBD002CF364 /* MyFirstiOSAppUITests.swift in Sources */,
				DEE320102C94DEBD002CF364 /* MyFirstiOSAppUITestsLaunchTests.swift in Sources */,
			);
			runOnlyForDeploymentPostprocessing = 0;
		};
/* End PBXSourcesBuildPhase section */

/* Begin PBXTargetDependency section */
		DEE320012C94DEBD002CF364 /* PBXTargetDependency */ = {
			isa = PBXTargetDependency;
			target = DEE31FED2C94DEBB002CF364 /* MyFirstiOSApp */;
			targetProxy = DEE320002C94DEBD002CF364 /* PBXContainerItemProxy */;
		};
		DEE3200B2C94DEBD002CF364 /* PBXTargetDependency */ = {
			isa = PBXTargetDependency;
			target = DEE31FED2C94DEBB002CF364 /* MyFirstiOSApp */;
			targetProxy = DEE3200A2C94DEBD002CF364 /* PBXContainerItemProxy */;
		};
/* End PBXTargetDependency section */

/* Begin XCBuildConfiguration section */
		DEE320112C94DEBD002CF364 /* Debug */ = {
			isa = XCBuildConfiguration;
			buildSettings = {
				ALWAYS_SEARCH_USER_PATHS = NO;
				ASSETCATALOG_COMPILER_GENERATE_SWIFT_ASSET_SYMBOL_EXTENSIONS = YES;
				CLANG_ANALYZER_NONNULL = YES;
				CLANG_ANALYZER_NUMBER_OBJECT_CONVERSION = YES_AGGRESSIVE;
				CLANG_CXX_LANGUAGE_STANDARD = "gnu++20";
				CLANG_ENABLE_MODULES = YES;
				CLANG_ENABLE_OBJC_ARC = YES;
				CLANG_ENABLE_OBJC_WEAK = YES;
				CLANG_WARN_BLOCK_CAPTURE_AUTORELEASING = YES;
				CLANG_WARN_BOOL_CONVERSION = YES;
				CLANG_WARN_COMMA = YES;
				CLANG_WARN_CONSTANT_CONVERSION = YES;
				CLANG_WARN_DEPRECATED_OBJC_IMPLEMENTATIONS = YES;
				CLANG_WARN_DIRECT_OBJC_ISA_USAGE = YES_ERROR;
				CLANG_WARN_DOCUMENTATION_COMMENTS = YES;
				CLANG_WARN_EMPTY_BODY = YES;
				CLANG_WARN_ENUM_CONVERSION = YES;
				CLANG_WARN_INFINITE_RECURSION = YES;
				CLANG_WARN_INT_CONVERSION = YES;
				CLANG_WARN_NON_LITERAL_NULL_CONVERSION = YES;
				CLANG_WARN_OBJC_IMPLICIT_RETAIN_SELF = YES;
				CLANG_WARN_OBJC_LITERAL_CONVERSION = YES;
				CLANG_WARN_OBJC_ROOT_CLASS = YES_ERROR;
				CLANG_WARN_QUOTED_INCLUDE_IN_FRAMEWORK_HEADER = YES;
				CLANG_WARN_RANGE_LOOP_ANALYSIS = YES;
				CLANG_WARN_STRICT_PROTOTYPES = YES;
				CLANG_WARN_SUSPICIOUS_MOVE = YES;
				CLANG_WARN_UNGUARDED_AVAILABILITY = YES_AGGRESSIVE;
				CLANG_WARN_UNREACHABLE_CODE = YES;
				CLANG_WARN__DUPLICATE_METHOD_MATCH = YES;
				COPY_PHASE_STRIP = NO;
				DEBUG_INFORMATION_FORMAT = dwarf;
				ENABLE_STRICT_OBJC_MSGSEND = YES;
				ENABLE_TESTABILITY = YES;
				ENABLE_USER_SCRIPT_SANDBOXING = YES;
				GCC_C_LANGUAGE_STANDARD = gnu17;
				GCC_DYNAMIC_NO_PIC = NO;
				GCC_NO_COMMON_BLOCKS = YES;
				GCC_OPTIMIZATION_LEVEL = 0;
				GCC_PREPROCESSOR_DEFINITIONS = (
					"DEBUG=1",
					"$(inherited)",
				);
				GCC_WARN_64_TO_32_BIT_CONVERSION = YES;
				GCC_WARN_ABOUT_RETURN_TYPE = YES_ERROR;
				GCC_WARN_UNDECLARED_SELECTOR = YES;
				GCC_WARN_UNINITIALIZED_AUTOS = YES_AGGRESSIVE;
				GCC_WARN_UNUSED_FUNCTION = YES;
				GCC_WARN_UNUSED_VARIABLE = YES;
				LOCALIZATION_PREFERS_STRING_CATALOGS = YES;
				MTL_ENABLE_DEBUG_INFO = INCLUDE_SOURCE;
				MTL_FAST_MATH = YES;
				ONLY_ACTIVE_ARCH = YES;
				SWIFT_ACTIVE_COMPILATION_CONDITIONS = "DEBUG $(inherited)";
				SWIFT_OPTIMIZATION_LEVEL = "-Onone";
			};
			name = Debug;
		};
		DEE320122C94DEBD002CF364 /* Release */ = {
			isa = XCBuildConfiguration;
			buildSettings = {
				ALWAYS_SEARCH_USER_PATHS = NO;
				ASSETCATALOG_COMPILER_GENERATE_SWIFT_ASSET_SYMBOL_EXTENSIONS = YES;
				CLANG_ANALYZER_NONNULL = YES;
				CLANG_ANALYZER_NUMBER_OBJECT_CONVERSION = YES_AGGRESSIVE;
				CLANG_CXX_LANGUAGE_STANDARD = "gnu++20";
				CLANG_ENABLE_MODULES = YES;
				CLANG_ENABLE_OBJC_ARC = YES;
				CLANG_ENABLE_OBJC_WEAK = YES;
				CLANG_WARN_BLOCK_CAPTURE_AUTORELEASING = YES;
				CLANG_WARN_BOOL_CONVERSION = YES;
				CLANG_WARN_COMMA = YES;
				CLANG_WARN_CONSTANT_CONVERSION = YES;
				CLANG_WARN_DEPRECATED_OBJC_IMPLEMENTATIONS = YES;
				CLANG_WARN_DIRECT_OBJC_ISA_USAGE = YES_ERROR;
				CLANG_WARN_DOCUMENTATION_COMMENTS = YES;
				CLANG_WARN_EMPTY_BODY = YES;
				CLANG_WARN_ENUM_CONVERSION = YES;
				CLANG_WARN_INFINITE_RECURSION = YES;
				CLANG_WARN_INT_CONVERSION = YES;
				CLANG_WARN_NON_LITERAL_NULL_CONVERSION = YES;
				CLANG_WARN_OBJC_IMPLICIT_RETAIN_SELF = YES;
				CLANG_WARN_OBJC_LITERAL_CONVERSION = YES;
				CLANG_WARN_OBJC_ROOT_CLASS = YES_ERROR;
				CLANG_WARN_QUOTED_INCLUDE_IN_FRAMEWORK_HEADER = YES;
				CLANG_WARN_RANGE_LOOP_ANALYSIS = YES;
				CLANG_WARN_STRICT_PROTOTYPES = YES;
				CLANG_WARN_SUSPICIOUS_MOVE = YES;
				CLANG_WARN_UNGUARDED_AVAILABILITY = YES_AGGRESSIVE;
				CLANG_WARN_UNREACHABLE_CODE = YES;
				CLANG_WARN__DUPLICATE_METHOD_MATCH = YES;
				COPY_PHASE_STRIP = NO;
				DEBUG_INFORMATION_FORMAT = "dwarf-with-dsym";
				ENABLE_NS_ASSERTIONS = NO;
				ENABLE_STRICT_OBJC_MSGSEND = YES;
				ENABLE_USER_SCRIPT_SANDBOXING = YES;
				GCC_C_LANGUAGE_STANDARD = gnu17;
				GCC_NO_COMMON_BLOCKS = YES;
				GCC_WARN_64_TO_32_BIT_CONVERSION = YES;
				GCC_WARN_ABOUT_RETURN_TYPE = YES_ERROR;
				GCC_WARN_UNDECLARED_SELECTOR = YES;
				GCC_WARN_UNINITIALIZED_AUTOS = YES_AGGRESSIVE;
				GCC_WARN_UNUSED_FUNCTION = YES;
				GCC_WARN_UNUSED_VARIABLE = YES;
				LOCALIZATION_PREFERS_STRING_CATALOGS = YES;
				MTL_ENABLE_DEBUG_INFO = NO;
				MTL_FAST_MATH = YES;
				SWIFT_COMPILATION_MODE = wholemodule;
			};
			name = Release;
		};
		DEE320142C94DEBD002CF364 /* Debug */ = {
			isa = XCBuildConfiguration;
			buildSettings = {
				ASSETCATALOG_COMPILER_APPICON_NAME = AppIcon;
				ASSETCATALOG_COMPILER_GLOBAL_ACCENT_COLOR_NAME = AccentColor;
				CODE_SIGN_ENTITLEMENTS = MyFirstiOSApp/MyFirstiOSApp.entitlements;
				CODE_SIGN_STYLE = Automatic;
				CURRENT_PROJECT_VERSION = 1;
				DEVELOPMENT_ASSET_PATHS = "\"MyFirstiOSApp/Preview Content\"";
				DEVELOPMENT_TEAM = H83DD75ZGW;
				ENABLE_HARDENED_RUNTIME = YES;
				ENABLE_PREVIEWS = YES;
				GENERATE_INFOPLIST_FILE = YES;
				"INFOPLIST_KEY_UIApplicationSceneManifest_Generation[sdk=iphoneos*]" = YES;
				"INFOPLIST_KEY_UIApplicationSceneManifest_Generation[sdk=iphonesimulator*]" = YES;
				"INFOPLIST_KEY_UIApplicationSupportsIndirectInputEvents[sdk=iphoneos*]" = YES;
				"INFOPLIST_KEY_UIApplicationSupportsIndirectInputEvents[sdk=iphonesimulator*]" = YES;
				"INFOPLIST_KEY_UILaunchScreen_Generation[sdk=iphoneos*]" = YES;
				"INFOPLIST_KEY_UILaunchScreen_Generation[sdk=iphonesimulator*]" = YES;
				"INFOPLIST_KEY_UIStatusBarStyle[sdk=iphoneos*]" = UIStatusBarStyleDefault;
				"INFOPLIST_KEY_UIStatusBarStyle[sdk=iphonesimulator*]" = UIStatusBarStyleDefault;
				INFOPLIST_KEY_UISupportedInterfaceOrientations_iPad = "UIInterfaceOrientationPortrait UIInterfaceOrientationPortraitUpsideDown UIInterfaceOrientationLandscapeLeft UIInterfaceOrientationLandscapeRight";
				INFOPLIST_KEY_UISupportedInterfaceOrientations_iPhone = "UIInterfaceOrientationPortrait UIInterfaceOrientationLandscapeLeft UIInterfaceOrientationLandscapeRight";
				IPHONEOS_DEPLOYMENT_TARGET = 17.5;
				LD_RUNPATH_SEARCH_PATHS = "@executable_path/Frameworks";
				"LD_RUNPATH_SEARCH_PATHS[sdk=macosx*]" = "@executable_path/../Frameworks";
				MACOSX_DEPLOYMENT_TARGET = 14.5;
				MARKETING_VERSION = 1.0;
				PRODUCT_BUNDLE_IDENTIFIER = com.example.MyFirstiOSApp;
				PRODUCT_NAME = "$(TARGET_NAME)";
				SDKROOT = auto;
				SUPPORTED_PLATFORMS = "iphoneos iphonesimulator macosx";
				SWIFT_EMIT_LOC_STRINGS = YES;
				SWIFT_VERSION = 5.0;
				TARGETED_DEVICE_FAMILY = "1,2";
			};
			name = Debug;
		};
		DEE320152C94DEBD002CF364 /* Release */ = {
			isa = XCBuildConfiguration;
			buildSettings = {
				ASSETCATALOG_COMPILER_APPICON_NAME = AppIcon;
				ASSETCATALOG_COMPILER_GLOBAL_ACCENT_COLOR_NAME = AccentColor;
				CODE_SIGN_ENTITLEMENTS = MyFirstiOSApp/MyFirstiOSApp.entitlements;
				CODE_SIGN_STYLE = Automatic;
				CURRENT_PROJECT_VERSION = 1;
				DEVELOPMENT_ASSET_PATHS = "\"MyFirstiOSApp/Preview Content\"";
				DEVELOPMENT_TEAM = H83DD75ZGW;
				ENABLE_HARDENED_RUNTIME = YES;
				ENABLE_PREVIEWS = YES;
				GENERATE_INFOPLIST_FILE = YES;
				"INFOPLIST_KEY_UIApplicationSceneManifest_Generation[sdk=iphoneos*]" = YES;
				"INFOPLIST_KEY_UIApplicationSceneManifest_Generation[sdk=iphonesimulator*]" = YES;
				"INFOPLIST_KEY_UIApplicationSupportsIndirectInputEvents[sdk=iphoneos*]" = YES;
				"INFOPLIST_KEY_UIApplicationSupportsIndirectInputEvents[sdk=iphonesimulator*]" = YES;
				"INFOPLIST_KEY_UILaunchScreen_Generation[sdk=iphoneos*]" = YES;
				"INFOPLIST_KEY_UILaunchScreen_Generation[sdk=iphonesimulator*]" = YES;
				"INFOPLIST_KEY_UIStatusBarStyle[sdk=iphoneos*]" = UIStatusBarStyleDefault;
				"INFOPLIST_KEY_UIStatusBarStyle[sdk=iphonesimulator*]" = UIStatusBarStyleDefault;
				INFOPLIST_KEY_UISupportedInterfaceOrientations_iPad = "UIInterfaceOrientationPortrait UIInterfaceOrientationPortraitUpsideDown UIInterfaceOrientationLandscapeLeft UIInterfaceOrientationLandscapeRight";
				INFOPLIST_KEY_UISupportedInterfaceOrientations_iPhone = "UIInterfaceOrientationPortrait UIInterfaceOrientationLandscapeLeft UIInterfaceOrientationLandscapeRight";
				IPHONEOS_DEPLOYMENT_TARGET = 17.5;
				LD_RUNPATH_SEARCH_PATHS = "@executable_path/Frameworks";
				"LD_RUNPATH_SEARCH_PATHS[sdk=macosx*]" = "@executable_path/../Frameworks";
				MACOSX_DEPLOYMENT_TARGET = 14.5;
				MARKETING_VERSION = 1.0;
				PRODUCT_BUNDLE_IDENTIFIER = com.example.MyFirstiOSApp;
				PRODUCT_NAME = "$(TARGET_NAME)";
				SDKROOT = auto;
				SUPPORTED_PLATFORMS = "iphoneos iphonesimulator macosx";
				SWIFT_EMIT_LOC_STRINGS = YES;
				SWIFT_VERSION = 5.0;
				TARGETED_DEVICE_FAMILY = "1,2";
			};
			name = Release;
		};
		DEE320172C94DEBD002CF364 /* Debug */ = {
			isa = XCBuildConfiguration;
			buildSettings = {
				ALWAYS_EMBED_SWIFT_STANDARD_LIBRARIES = YES;
				BUNDLE_LOADER = "$(TEST_HOST)";
				CODE_SIGN_STYLE = Automatic;
				CURRENT_PROJECT_VERSION = 1;
				DEVELOPMENT_TEAM = H83DD75ZGW;
				GENERATE_INFOPLIST_FILE = YES;
				IPHONEOS_DEPLOYMENT_TARGET = 17.5;
				MACOSX_DEPLOYMENT_TARGET = 14.5;
				MARKETING_VERSION = 1.0;
				PRODUCT_BUNDLE_IDENTIFIER = com.example.MyFirstiOSAppTests;
				PRODUCT_NAME = "$(TARGET_NAME)";
				SDKROOT = auto;
				SUPPORTED_PLATFORMS = "iphoneos iphonesimulator macosx";
				SWIFT_EMIT_LOC_STRINGS = NO;
				SWIFT_VERSION = 5.0;
				TARGETED_DEVICE_FAMILY = "1,2";
				TEST_HOST = "$(BUILT_PRODUCTS_DIR)/MyFirstiOSApp.app/$(BUNDLE_EXECUTABLE_FOLDER_PATH)/MyFirstiOSApp";
			};
			name = Debug;
		};
		DEE320182C94DEBD002CF364 /* Release */ = {
			isa = XCBuildConfiguration;
			buildSettings = {
				ALWAYS_EMBED_SWIFT_STANDARD_LIBRARIES = YES;
				BUNDLE_LOADER = "$(TEST_HOST)";
				CODE_SIGN_STYLE = Automatic;
				CURRENT_PROJECT_VERSION = 1;
				DEVELOPMENT_TEAM = H83DD75ZGW;
				GENERATE_INFOPLIST_FILE = YES;
				IPHONEOS_DEPLOYMENT_TARGET = 17.5;
				MACOSX_DEPLOYMENT_TARGET = 14.5;
				MARKETING_VERSION = 1.0;
				PRODUCT_BUNDLE_IDENTIFIER = com.example.MyFirstiOSAppTests;
				PRODUCT_NAME = "$(TARGET_NAME)";
				SDKROOT = auto;
				SUPPORTED_PLATFORMS = "iphoneos iphonesimulator macosx";
				SWIFT_EMIT_LOC_STRINGS = NO;
				SWIFT_VERSION = 5.0;
				TARGETED_DEVICE_FAMILY = "1,2";
				TEST_HOST = "$(BUILT_PRODUCTS_DIR)/MyFirstiOSApp.app/$(BUNDLE_EXECUTABLE_FOLDER_PATH)/MyFirstiOSApp";
			};
			name = Release;
		};
		DEE3201A2C94DEBD002CF364 /* Debug */ = {
			isa = XCBuildConfiguration;
			buildSettings = {
				ALWAYS_EMBED_SWIFT_STANDARD_LIBRARIES = YES;
				CODE_SIGN_STYLE = Automatic;
				CURRENT_PROJECT_VERSION = 1;
				DEVELOPMENT_TEAM = H83DD75ZGW;
				GENERATE_INFOPLIST_FILE = YES;
				IPHONEOS_DEPLOYMENT_TARGET = 17.5;
				MACOSX_DEPLOYMENT_TARGET = 14.5;
				MARKETING_VERSION = 1.0;
				PRODUCT_BUNDLE_IDENTIFIER = com.example.MyFirstiOSAppUITests;
				PRODUCT_NAME = "$(TARGET_NAME)";
				SDKROOT = auto;
				SUPPORTED_PLATFORMS = "iphoneos iphonesimulator macosx";
				SWIFT_EMIT_LOC_STRINGS = NO;
				SWIFT_VERSION = 5.0;
				TARGETED_DEVICE_FAMILY = "1,2";
				TEST_TARGET_NAME = MyFirstiOSApp;
			};
			name = Debug;
		};
		DEE3201B2C94DEBD002CF364 /* Release */ = {
			isa = XCBuildConfiguration;
			buildSettings = {
				ALWAYS_EMBED_SWIFT_STANDARD_LIBRARIES = YES;
				CODE_SIGN_STYLE = Automatic;
				CURRENT_PROJECT_VERSION = 1;
				DEVELOPMENT_TEAM = H83DD75ZGW;
				GENERATE_INFOPLIST_FILE = YES;
				IPHONEOS_DEPLOYMENT_TARGET = 17.5;
				MACOSX_DEPLOYMENT_TARGET = 14.5;
				MARKETING_VERSION = 1.0;
				PRODUCT_BUNDLE_IDENTIFIER = com.example.MyFirstiOSAppUITests;
				PRODUCT_NAME = "$(TARGET_NAME)";
				SDKROOT = auto;
				SUPPORTED_PLATFORMS = "iphoneos iphonesimulator macosx";
				SWIFT_EMIT_LOC_STRINGS = NO;
				SWIFT_VERSION = 5.0;
				TARGETED_DEVICE_FAMILY = "1,2";
				TEST_TARGET_NAME = MyFirstiOSApp;
			};
			name = Release;
		};
/* End XCBuildConfiguration section */

/* Begin XCConfigurationList section */
		DEE31FE92C94DEBB002CF364 /* Build configuration list for PBXProject "MyFirstiOSApp" */ = {
			isa = XCConfigurationList;
			buildConfigurations = (
				DEE320112C94DEBD002CF364 /* Debug */,
				DEE320122C94DEBD002CF364 /* Release */,
			);
			defaultConfigurationIsVisible = 0;
			defaultConfigurationName = Release;
		};
		DEE320132C94DEBD002CF364 /* Build configuration list for PBXNativeTarget "MyFirstiOSApp" */ = {
			isa = XCConfigurationList;
			buildConfigurations = (
				DEE320142C94DEBD002CF364 /* Debug */,
				DEE320152C94DEBD002CF364 /* Release */,
			);
			defaultConfigurationIsVisible = 0;
			defaultConfigurationName = Release;
		};
		DEE320162C94DEBD002CF364 /* Build configuration list for PBXNativeTarget "MyFirstiOSAppTests" */ = {
			isa = XCConfigurationList;
			buildConfigurations = (
				DEE320172C94DEBD002CF364 /* Debug */,
				DEE320182C94DEBD002CF364 /* Release */,
			);
			defaultConfigurationIsVisible = 0;
			defaultConfigurationName = Release;
		};
		DEE320192C94DEBD002CF364 /* Build configuration list for PBXNativeTarget "MyFirstiOSAppUITests" */ = {
			isa = XCConfigurationList;
			buildConfigurations = (
				DEE3201A2C94DEBD002CF364 /* Debug */,
				DEE3201B2C94DEBD002CF364 /* Release */,
			);
			defaultConfigurationIsVisible = 0;
			defaultConfigurationName = Release;
		};
/* End XCConfigurationList section */
	};
	rootObject = DEE31FE62C94DEBB002CF364 /* Project object */;
}
